<?xml version="1.0" encoding="utf-8"?>
<Project ToolsVersion="4.0" xmlns="http://schemas.microsoft.com/developer/msbuild/2003">
  <ItemGroup>
    <Filter Include="Net">
      <UniqueIdentifier>{9e912919-6a2e-4701-a653-f942cb157024}</UniqueIdentifier>
    </Filter>
    <Filter Include="Source Files">
      <UniqueIdentifier>{d283b3dd-ffd7-47e5-93a7-70f84ad0ef45}</UniqueIdentifier>
    </Filter>
    <Filter Include="Header Files">
      <UniqueIdentifier>{7f5e0d95-50a4-45b8-bb00-98e23e237c14}</UniqueIdentifier>
    </Filter>
    <Filter Include="Util">
      <UniqueIdentifier>{e5a9b18c-4372-42d9-837a-47fb8919756f}</UniqueIdentifier>
    </Filter>
  </ItemGroup>
  <ItemGroup>
    <ClCompile Include="stdafx.cpp">
      <Filter>Source Files</Filter>
    </ClCompile>
    <ClCompile Include="main.cpp">
      <Filter>Source Files</Filter>
    </ClCompile>
    <ClCompile Include="Util\Json.cpp">
      <Filter>Util</Filter>
    </ClCompile>
    <ClCompile Include="Net\IOCPServer.cpp">
      <Filter>Net</Filter>
    </ClCompile>
    <ClCompile Include="Net\IOCPSession.cpp">
      <Filter>Net</Filter>
    </ClCompile>
    <ClCompile Include="Net\Server.cpp">
      <Filter>Net</Filter>
    </ClCompile>
    <ClCompile Include="Net\Session.cpp">
      <Filter>Net</Filter>
    </ClCompile>
    <ClCompile Include="Net\SessionManager.cpp">
      <Filter>Net</Filter>
    </ClCompile>
  </ItemGroup>
  <ItemGroup>
    <ClInclude Include="stdafx.h">
      <Filter>Header Files</Filter>
    </ClInclude>
    <ClInclude Include="Util\Json.h">
      <Filter>Util</Filter>
    </ClInclude>
    <ClInclude Include="Net\IOCPServer.h">
      <Filter>Net</Filter>
    </ClInclude>
    <ClInclude Include="Net\IOCPSession.h">
      <Filter>Net</Filter>
    </ClInclude>
    <ClInclude Include="Net\Server.h">
      <Filter>Net</Filter>
    </ClInclude>
    <ClInclude Include="Net\Session.h">
      <Filter>Net</Filter>
    </ClInclude>
    <ClInclude Include="Net\SessionManager.h">
      <Filter>Net</Filter>
    </ClInclude>
    <ClInclude Include="Util\Singleton.h">
      <Filter>Util</Filter>
    </ClInclude>
  </ItemGroup>
</Project>