<?xml version="1.0" encoding="utf-8"?>
<Project ToolsVersion="4.0" xmlns="http://schemas.microsoft.com/developer/msbuild/2003">
  <ItemGroup>
    <ClCompile Include="stdafx.cpp">
      <Filter>Common</Filter>
    </ClCompile>
    <ClCompile Include="Contents\WorldDBProcess.cpp">
      <Filter>Common</Filter>
    </ClCompile>
    <ClCompile Include="WorldDB.cpp">
      <Filter>Common</Filter>
    </ClCompile>
  </ItemGroup>
  <ItemGroup>
    <ClInclude Include="stdafx.h">
      <Filter>Common</Filter>
    </ClInclude>
    <ClInclude Include="Contents\WorldDBProcess.h">
      <Filter>Common</Filter>
    </ClInclude>
    <ClInclude Include="Query\WorldDBQuery.h">
      <Filter>Query</Filter>
    </ClInclude>
  </ItemGroup>
  <ItemGroup>
    <Filter Include="Common">
      <UniqueIdentifier>{02fc59f0-eb38-4692-aee6-4e9a7d754f49}</UniqueIdentifier>
    </Filter>
    <Filter Include="Data">
      <UniqueIdentifier>{4aa1e33a-8bf6-421f-90db-272c33edca55}</UniqueIdentifier>
    </Filter>
    <Filter Include="Query">
      <UniqueIdentifier>{cdbd44ac-6852-48b9-be94-d7ac40572845}</UniqueIdentifier>
    </Filter>
  </ItemGroup>
  <ItemGroup>
    <None Include="config.json">
      <Filter>Data</Filter>
    </None>
  </ItemGroup>
</Project>