
Microsoft Visual Studio Solution File, Format Version 12.00
# Visual Studio Version 16
VisualStudioVersion = 16.0.29609.76
MinimumVisualStudioVersion = 10.0.40219.1
Project("{8BC9CEB8-8B4A-11D0-8D11-00A0C91BC942}") = "ServerCore", "Include\ServerCore\ServerCore.vcxproj", "{CE2C1F7A-7995-4888-9256-414037E16F76}"
EndProject
Project("{2150E333-8FDC-42A3-9474-1A3956D46DE8}") = "World", "World", "{5F809A90-8552-442E-BAE0-8292B2366604}"
EndProject
Project("{8BC9CEB8-8B4A-11D0-8D11-00A0C91BC942}") = "Chat", "Chat\Chat.vcxproj", "{67BBD4D6-9FD7-44E9-9E52-82837077DF1A}"
EndProject
Project("{2150E333-8FDC-42A3-9474-1A3956D46DE8}") = "Channel", "Channel", "{40294159-5A66-4683-8C1D-492A32B5D751}"
EndProject
Project("{2150E333-8FDC-42A3-9474-1A3956D46DE8}") = "Marketplace", "Marketplace", "{D7C391C0-B495-4F9E-8F86-4B9561D41A8D}"
EndProject
Project("{8BC9CEB8-8B4A-11D0-8D11-00A0C91BC942}") = "Game", "World\Channel\Game\Game.vcxproj", "{52C718F8-C868-4151-9430-C9FC92757CDA}"
	ProjectSection(ProjectDependencies) = postProject
		{CE2C1F7A-7995-4888-9256-414037E16F76} = {CE2C1F7A-7995-4888-9256-414037E16F76}
	EndProjectSection
EndProject
Project("{8BC9CEB8-8B4A-11D0-8D11-00A0C91BC942}") = "Monster", "World\Channel\Monster\Monster.vcxproj", "{30EBDE3E-C6EC-474B-BA24-4D326895B5FA}"
EndProject
Project("{8BC9CEB8-8B4A-11D0-8D11-00A0C91BC942}") = "ChannelManager", "World\ChannelManager\ChannelManager.vcxproj", "{2E708B63-22C3-42E4-9204-41D1E17AC988}"
	ProjectSection(ProjectDependencies) = postProject
		{CE2C1F7A-7995-4888-9256-414037E16F76} = {CE2C1F7A-7995-4888-9256-414037E16F76}
	EndProjectSection
EndProject
Project("{8BC9CEB8-8B4A-11D0-8D11-00A0C91BC942}") = "Marketplace", "World\Market\Marketplace\Marketplace.vcxproj", "{E33713BE-F49B-4505-BB90-5F5375892774}"
EndProject
Project("{8BC9CEB8-8B4A-11D0-8D11-00A0C91BC942}") = "MarketDB", "World\Market\MarketDB\MarketDB.vcxproj", "{4F48BB10-5681-434C-A4CF-26587834B091}"
EndProject
Project("{8BC9CEB8-8B4A-11D0-8D11-00A0C91BC942}") = "GameDB", "World\GameDB\GameDB.vcxproj", "{E903C8FE-CE5F-4D91-8330-47AB5FDACBE0}"
	ProjectSection(ProjectDependencies) = postProject
		{CE2C1F7A-7995-4888-9256-414037E16F76} = {CE2C1F7A-7995-4888-9256-414037E16F76}
	EndProjectSection
EndProject
Global
	GlobalSection(SolutionConfigurationPlatforms) = preSolution
		Debug|x64 = Debug|x64
		Debug|x86 = Debug|x86
		Release|x64 = Release|x64
		Release|x86 = Release|x86
	EndGlobalSection
	GlobalSection(ProjectConfigurationPlatforms) = postSolution
		{CE2C1F7A-7995-4888-9256-414037E16F76}.Debug|x64.ActiveCfg = Debug|x64
		{CE2C1F7A-7995-4888-9256-414037E16F76}.Debug|x64.Build.0 = Debug|x64
		{CE2C1F7A-7995-4888-9256-414037E16F76}.Debug|x86.ActiveCfg = Debug|x64
		{CE2C1F7A-7995-4888-9256-414037E16F76}.Debug|x86.Build.0 = Debug|x64
		{CE2C1F7A-7995-4888-9256-414037E16F76}.Release|x64.ActiveCfg = Release|Win32
		{CE2C1F7A-7995-4888-9256-414037E16F76}.Release|x64.Build.0 = Release|Win32
		{CE2C1F7A-7995-4888-9256-414037E16F76}.Release|x86.ActiveCfg = Release|Win32
		{CE2C1F7A-7995-4888-9256-414037E16F76}.Release|x86.Build.0 = Release|Win32
		{67BBD4D6-9FD7-44E9-9E52-82837077DF1A}.Debug|x64.ActiveCfg = Debug|x64
		{67BBD4D6-9FD7-44E9-9E52-82837077DF1A}.Debug|x64.Build.0 = Debug|x64
		{67BBD4D6-9FD7-44E9-9E52-82837077DF1A}.Debug|x86.ActiveCfg = Debug|x64
		{67BBD4D6-9FD7-44E9-9E52-82837077DF1A}.Debug|x86.Build.0 = Debug|x64
		{67BBD4D6-9FD7-44E9-9E52-82837077DF1A}.Release|x64.ActiveCfg = Debug|x64
		{67BBD4D6-9FD7-44E9-9E52-82837077DF1A}.Release|x64.Build.0 = Debug|x64
		{67BBD4D6-9FD7-44E9-9E52-82837077DF1A}.Release|x86.ActiveCfg = Debug|x64
		{67BBD4D6-9FD7-44E9-9E52-82837077DF1A}.Release|x86.Build.0 = Debug|x64
		{52C718F8-C868-4151-9430-C9FC92757CDA}.Debug|x64.ActiveCfg = Debug|x64
		{52C718F8-C868-4151-9430-C9FC92757CDA}.Debug|x64.Build.0 = Debug|x64
		{52C718F8-C868-4151-9430-C9FC92757CDA}.Debug|x86.ActiveCfg = Debug|x64
		{52C718F8-C868-4151-9430-C9FC92757CDA}.Debug|x86.Build.0 = Debug|x64
		{52C718F8-C868-4151-9430-C9FC92757CDA}.Release|x64.ActiveCfg = Debug|x64
		{52C718F8-C868-4151-9430-C9FC92757CDA}.Release|x64.Build.0 = Debug|x64
		{52C718F8-C868-4151-9430-C9FC92757CDA}.Release|x86.ActiveCfg = Debug|x64
		{52C718F8-C868-4151-9430-C9FC92757CDA}.Release|x86.Build.0 = Debug|x64
		{30EBDE3E-C6EC-474B-BA24-4D326895B5FA}.Debug|x64.ActiveCfg = Debug|x64
		{30EBDE3E-C6EC-474B-BA24-4D326895B5FA}.Debug|x64.Build.0 = Debug|x64
		{30EBDE3E-C6EC-474B-BA24-4D326895B5FA}.Debug|x86.ActiveCfg = Debug|x64
		{30EBDE3E-C6EC-474B-BA24-4D326895B5FA}.Debug|x86.Build.0 = Debug|x64
		{30EBDE3E-C6EC-474B-BA24-4D326895B5FA}.Release|x64.ActiveCfg = Release|Win32
		{30EBDE3E-C6EC-474B-BA24-4D326895B5FA}.Release|x64.Build.0 = Release|Win32
		{30EBDE3E-C6EC-474B-BA24-4D326895B5FA}.Release|x86.ActiveCfg = Release|Win32
		{30EBDE3E-C6EC-474B-BA24-4D326895B5FA}.Release|x86.Build.0 = Release|Win32
		{2E708B63-22C3-42E4-9204-41D1E17AC988}.Debug|x64.ActiveCfg = Debug|x64
		{2E708B63-22C3-42E4-9204-41D1E17AC988}.Debug|x64.Build.0 = Debug|x64
		{2E708B63-22C3-42E4-9204-41D1E17AC988}.Debug|x86.ActiveCfg = Debug|x64
		{2E708B63-22C3-42E4-9204-41D1E17AC988}.Debug|x86.Build.0 = Debug|x64
		{2E708B63-22C3-42E4-9204-41D1E17AC988}.Release|x64.ActiveCfg = Debug|x64
		{2E708B63-22C3-42E4-9204-41D1E17AC988}.Release|x64.Build.0 = Debug|x64
		{2E708B63-22C3-42E4-9204-41D1E17AC988}.Release|x86.ActiveCfg = Debug|x64
		{2E708B63-22C3-42E4-9204-41D1E17AC988}.Release|x86.Build.0 = Debug|x64
		{E33713BE-F49B-4505-BB90-5F5375892774}.Debug|x64.ActiveCfg = Debug|x64
		{E33713BE-F49B-4505-BB90-5F5375892774}.Debug|x64.Build.0 = Debug|x64
		{E33713BE-F49B-4505-BB90-5F5375892774}.Debug|x86.ActiveCfg = Debug|x64
		{E33713BE-F49B-4505-BB90-5F5375892774}.Debug|x86.Build.0 = Debug|x64
		{E33713BE-F49B-4505-BB90-5F5375892774}.Release|x64.ActiveCfg = Release|Win32
		{E33713BE-F49B-4505-BB90-5F5375892774}.Release|x64.Build.0 = Release|Win32
		{E33713BE-F49B-4505-BB90-5F5375892774}.Release|x86.ActiveCfg = Release|Win32
		{E33713BE-F49B-4505-BB90-5F5375892774}.Release|x86.Build.0 = Release|Win32
		{4F48BB10-5681-434C-A4CF-26587834B091}.Debug|x64.ActiveCfg = Debug|x64
		{4F48BB10-5681-434C-A4CF-26587834B091}.Debug|x64.Build.0 = Debug|x64
		{4F48BB10-5681-434C-A4CF-26587834B091}.Debug|x86.ActiveCfg = Debug|x64
		{4F48BB10-5681-434C-A4CF-26587834B091}.Debug|x86.Build.0 = Debug|x64
		{4F48BB10-5681-434C-A4CF-26587834B091}.Release|x64.ActiveCfg = Release|Win32
		{4F48BB10-5681-434C-A4CF-26587834B091}.Release|x64.Build.0 = Release|Win32
		{4F48BB10-5681-434C-A4CF-26587834B091}.Release|x86.ActiveCfg = Release|Win32
		{4F48BB10-5681-434C-A4CF-26587834B091}.Release|x86.Build.0 = Release|Win32
		{E903C8FE-CE5F-4D91-8330-47AB5FDACBE0}.Debug|x64.ActiveCfg = Debug|x64
		{E903C8FE-CE5F-4D91-8330-47AB5FDACBE0}.Debug|x64.Build.0 = Debug|x64
		{E903C8FE-CE5F-4D91-8330-47AB5FDACBE0}.Debug|x86.ActiveCfg = Debug|x64
		{E903C8FE-CE5F-4D91-8330-47AB5FDACBE0}.Debug|x86.Build.0 = Debug|x64
		{E903C8FE-CE5F-4D91-8330-47AB5FDACBE0}.Release|x64.ActiveCfg = Debug|x64
		{E903C8FE-CE5F-4D91-8330-47AB5FDACBE0}.Release|x64.Build.0 = Debug|x64
		{E903C8FE-CE5F-4D91-8330-47AB5FDACBE0}.Release|x86.ActiveCfg = Debug|x64
		{E903C8FE-CE5F-4D91-8330-47AB5FDACBE0}.Release|x86.Build.0 = Debug|x64
	EndGlobalSection
	GlobalSection(SolutionProperties) = preSolution
		HideSolutionNode = FALSE
	EndGlobalSection
	GlobalSection(NestedProjects) = preSolution
		{40294159-5A66-4683-8C1D-492A32B5D751} = {5F809A90-8552-442E-BAE0-8292B2366604}
		{D7C391C0-B495-4F9E-8F86-4B9561D41A8D} = {5F809A90-8552-442E-BAE0-8292B2366604}
		{52C718F8-C868-4151-9430-C9FC92757CDA} = {40294159-5A66-4683-8C1D-492A32B5D751}
		{30EBDE3E-C6EC-474B-BA24-4D326895B5FA} = {40294159-5A66-4683-8C1D-492A32B5D751}
		{2E708B63-22C3-42E4-9204-41D1E17AC988} = {5F809A90-8552-442E-BAE0-8292B2366604}
		{E33713BE-F49B-4505-BB90-5F5375892774} = {D7C391C0-B495-4F9E-8F86-4B9561D41A8D}
		{4F48BB10-5681-434C-A4CF-26587834B091} = {D7C391C0-B495-4F9E-8F86-4B9561D41A8D}
		{E903C8FE-CE5F-4D91-8330-47AB5FDACBE0} = {5F809A90-8552-442E-BAE0-8292B2366604}
	EndGlobalSection
	GlobalSection(ExtensibilityGlobals) = postSolution
		SolutionGuid = {69A91060-CF4F-4873-8157-90D722546E3A}
	EndGlobalSection
EndGlobal
