<?xml version="1.0" encoding="utf-8"?>
<Project ToolsVersion="4.0" xmlns="http://schemas.microsoft.com/developer/msbuild/2003">
  <ItemGroup>
    <Filter Include="Common">
      <UniqueIdentifier>{223b0554-1064-4eda-8f1e-79a74ad190eb}</UniqueIdentifier>
    </Filter>
    <Filter Include="Contents">
      <UniqueIdentifier>{8ebc7ea4-f4e6-443a-8bcd-ac109749b61c}</UniqueIdentifier>
    </Filter>
    <Filter Include="Contents\Monster">
      <UniqueIdentifier>{d7720a36-6c9c-4d02-b23e-b575d5ae907f}</UniqueIdentifier>
    </Filter>
    <Filter Include="Contents\Player">
      <UniqueIdentifier>{46617c48-08f2-4607-b7c8-3590d241e2ff}</UniqueIdentifier>
    </Filter>
  </ItemGroup>
  <ItemGroup>
    <ClCompile Include="Game.cpp">
      <Filter>Common</Filter>
    </ClCompile>
    <ClCompile Include="stdafx.cpp">
      <Filter>Common</Filter>
    </ClCompile>
    <ClCompile Include="Contents\GameProcess.cpp">
      <Filter>Contents</Filter>
    </ClCompile>
    <ClCompile Include="Contents\WorldManager.cpp">
      <Filter>Contents</Filter>
    </ClCompile>
    <ClCompile Include="Contents\Monster.cpp">
      <Filter>Contents\Monster</Filter>
    </ClCompile>
    <ClCompile Include="Contents\MonsterManager.cpp">
      <Filter>Contents\Monster</Filter>
    </ClCompile>
    <ClCompile Include="Contents\MonsterZone.cpp">
      <Filter>Contents\Monster</Filter>
    </ClCompile>
    <ClCompile Include="Contents\Sector.cpp">
      <Filter>Contents\Player</Filter>
    </ClCompile>
    <ClCompile Include="Contents\UserManager.cpp">
      <Filter>Contents\Player</Filter>
    </ClCompile>
  </ItemGroup>
  <ItemGroup>
    <ClInclude Include="stdafx.h">
      <Filter>Common</Filter>
    </ClInclude>
    <ClInclude Include="Contents\GameProcess.h">
      <Filter>Contents</Filter>
    </ClInclude>
    <ClInclude Include="Contents\WorldManager.h">
      <Filter>Contents</Filter>
    </ClInclude>
    <ClInclude Include="Contents\Monster.h">
      <Filter>Contents\Monster</Filter>
    </ClInclude>
    <ClInclude Include="Contents\MonsterManager.h">
      <Filter>Contents\Monster</Filter>
    </ClInclude>
    <ClInclude Include="Contents\MonsterZone.h">
      <Filter>Contents\Monster</Filter>
    </ClInclude>
    <ClInclude Include="Contents\Sector.h">
      <Filter>Contents\Player</Filter>
    </ClInclude>
    <ClInclude Include="Contents\UserManager.h">
      <Filter>Contents\Player</Filter>
    </ClInclude>
  </ItemGroup>
  <ItemGroup>
    <None Include="config.json" />
    <None Include="monster_zone_info.json" />
    <None Include="monster_info.json" />
  </ItemGroup>
</Project>